
Microsoft Visual Studio Solution File, Format Version 12.00
# Visual Studio 14
VisualStudioVersion = 14.0.25420.1
MinimumVisualStudioVersion = 10.0.40219.1
Project("{FAE04EC0-301F-11D3-BF4B-00C04F79EFBC}") = "Aplicacion_ASP_MVC", "Aplicacion_ASP_MVC\Aplicacion_ASP_MVC.csproj", "{00CA6141-EB4F-4589-A91B-A1815FA2F58C}"
EndProject
Global
	GlobalSection(SolutionConfigurationPlatforms) = preSolution
		Debug|Any CPU = Debug|Any CPU
		Release|Any CPU = Release|Any CPU
	EndGlobalSection
	GlobalSection(ProjectConfigurationPlatforms) = postSolution
		{00CA6141-EB4F-4589-A91B-A1815FA2F58C}.Debug|Any CPU.ActiveCfg = Debug|Any CPU
		{00CA6141-EB4F-4589-A91B-A1815FA2F58C}.Debug|Any CPU.Build.0 = Debug|Any CPU
		{00CA6141-EB4F-4589-A91B-A1815FA2F58C}.Release|Any CPU.ActiveCfg = Release|Any CPU
		{00CA6141-EB4F-4589-A91B-A1815FA2F58C}.Release|Any CPU.Build.0 = Release|Any CPU
	EndGlobalSection
	GlobalSection(SolutionProperties) = preSolution
		HideSolutionNode = FALSE
	EndGlobalSection
EndGlobal
